
Microsoft Visual Studio Solution File, Format Version 12.00
# Visual Studio Version 17
VisualStudioVersion = 17.3.32811.315
MinimumVisualStudioVersion = 10.0.40219.1
Project("{FAE04EC0-301F-11D3-BF4B-00C04F79EFBC}") = "Policial", "Policial.csproj", "{D07E59C8-9A7B-42ED-B590-3BFFDE23FB98}"
	ProjectSection(ProjectDependencies) = postProject
		{7D5DA27A-BA7F-44CA-B438-1985E6C63B9F} = {7D5DA27A-BA7F-44CA-B438-1985E6C63B9F}
	EndProjectSection
EndProject
Project("{FAE04EC0-301F-11D3-BF4B-00C04F79EFBC}") = "EntidadesCompartidas", "EntidadesCompartidas\EntidadesCompartidas.csproj", "{4F88157A-D3C9-4CD3-AB30-832DB73D37FF}"
EndProject
Project("{FAE04EC0-301F-11D3-BF4B-00C04F79EFBC}") = "Persistencia", "Persistencia\Persistencia.csproj", "{37DCCAE6-01D8-4DFD-A338-A098D27ADAF0}"
EndProject
Project("{FAE04EC0-301F-11D3-BF4B-00C04F79EFBC}") = "Logica", "Logica\Logica.csproj", "{55000919-9F0E-4E5C-89CB-E8BDCC4D3155}"
EndProject
Project("{FAE04EC0-301F-11D3-BF4B-00C04F79EFBC}") = "ServicioPolicialWCF", "ServicioPolicialWCF\ServicioPolicialWCF.csproj", "{7D5DA27A-BA7F-44CA-B438-1985E6C63B9F}"
EndProject
Global
	GlobalSection(SolutionConfigurationPlatforms) = preSolution
		Debug|Any CPU = Debug|Any CPU
		Release|Any CPU = Release|Any CPU
	EndGlobalSection
	GlobalSection(ProjectConfigurationPlatforms) = postSolution
		{D07E59C8-9A7B-42ED-B590-3BFFDE23FB98}.Debug|Any CPU.ActiveCfg = Debug|Any CPU
		{D07E59C8-9A7B-42ED-B590-3BFFDE23FB98}.Debug|Any CPU.Build.0 = Debug|Any CPU
		{D07E59C8-9A7B-42ED-B590-3BFFDE23FB98}.Release|Any CPU.ActiveCfg = Release|Any CPU
		{D07E59C8-9A7B-42ED-B590-3BFFDE23FB98}.Release|Any CPU.Build.0 = Release|Any CPU
		{4F88157A-D3C9-4CD3-AB30-832DB73D37FF}.Debug|Any CPU.ActiveCfg = Debug|Any CPU
		{4F88157A-D3C9-4CD3-AB30-832DB73D37FF}.Debug|Any CPU.Build.0 = Debug|Any CPU
		{4F88157A-D3C9-4CD3-AB30-832DB73D37FF}.Release|Any CPU.ActiveCfg = Release|Any CPU
		{4F88157A-D3C9-4CD3-AB30-832DB73D37FF}.Release|Any CPU.Build.0 = Release|Any CPU
		{37DCCAE6-01D8-4DFD-A338-A098D27ADAF0}.Debug|Any CPU.ActiveCfg = Debug|Any CPU
		{37DCCAE6-01D8-4DFD-A338-A098D27ADAF0}.Debug|Any CPU.Build.0 = Debug|Any CPU
		{37DCCAE6-01D8-4DFD-A338-A098D27ADAF0}.Release|Any CPU.ActiveCfg = Release|Any CPU
		{37DCCAE6-01D8-4DFD-A338-A098D27ADAF0}.Release|Any CPU.Build.0 = Release|Any CPU
		{55000919-9F0E-4E5C-89CB-E8BDCC4D3155}.Debug|Any CPU.ActiveCfg = Debug|Any CPU
		{55000919-9F0E-4E5C-89CB-E8BDCC4D3155}.Debug|Any CPU.Build.0 = Debug|Any CPU
		{55000919-9F0E-4E5C-89CB-E8BDCC4D3155}.Release|Any CPU.ActiveCfg = Release|Any CPU
		{55000919-9F0E-4E5C-89CB-E8BDCC4D3155}.Release|Any CPU.Build.0 = Release|Any CPU
		{7D5DA27A-BA7F-44CA-B438-1985E6C63B9F}.Debug|Any CPU.ActiveCfg = Debug|Any CPU
		{7D5DA27A-BA7F-44CA-B438-1985E6C63B9F}.Debug|Any CPU.Build.0 = Debug|Any CPU
		{7D5DA27A-BA7F-44CA-B438-1985E6C63B9F}.Release|Any CPU.ActiveCfg = Release|Any CPU
		{7D5DA27A-BA7F-44CA-B438-1985E6C63B9F}.Release|Any CPU.Build.0 = Release|Any CPU
	EndGlobalSection
	GlobalSection(SolutionProperties) = preSolution
		HideSolutionNode = FALSE
	EndGlobalSection
	GlobalSection(ExtensibilityGlobals) = postSolution
		SolutionGuid = {A1C464FC-4FBC-4BAE-B866-960A5D05871A}
	EndGlobalSection
EndGlobal
